PODS:
  - MessageKit (1.0.0)
  - Scaledrone (0.3.0):
    - Starscream (~> 2.1.0)
  - Starscream (2.1.1)

DEPENDENCIES:
  - MessageKit
  - Scaledrone (~> 0.3.0)

SPEC REPOS:
  https://github.com/cocoapods/specs.git:
    - MessageKit
    - Scaledrone
    - Starscream

SPEC CHECKSUMS:
  MessageKit: 16160036b16476b04bd0e9f2c7ce67e662e503e4
  Scaledrone: 25e5e70107222ed50046fc0ed9569915bdb85262
  Starscream: 142bd8ef24592d985daee9fa48c936070b85b15f

PODFILE CHECKSUM: 69a90e82aea290987b855b3a64d901a1b94a34ba

COCOAPODS: 1.5.2
