// !$*UTF8*$!
{
	archiveVersion = 1;
	classes = {
	};
	objectVersion = 50;
	objects = {

/* Begin PBXBuildFile section */
		3BD6B23DDC53C21E88612791 /* Pods_ScaledroneChat.framework in Frameworks */ = {isa = PBXBuildFile; fileRef = 082CBBE5F5A8D8EF116B16E4 /* Pods_ScaledroneChat.framework */; };
		F51FC96A2143A823001F9009 /* AppDelegate.swift in Sources */ = {isa = PBXBuildFile; fileRef = F51FC9692143A823001F9009 /* AppDelegate.swift */; };
		F51FC96C2143A823001F9009 /* ViewController.swift in Sources */ = {isa = PBXBuildFile; fileRef = F51FC96B2143A823001F9009 /* ViewController.swift */; };
		F51FC96F2143A823001F9009 /* Main.storyboard in Resources */ = {isa = PBXBuildFile; fileRef = F51FC96D2143A823001F9009 /* Main.storyboard */; };
		F51FC9712143A824001F9009 /* Assets.xcassets in Resources */ = {isa = PBXBuildFile; fileRef = F51FC9702143A824001F9009 /* Assets.xcassets */; };
		F51FC9742143A824001F9009 /* LaunchScreen.storyboard in Resources */ = {isa = PBXBuildFile; fileRef = F51FC9722143A824001F9009 /* LaunchScreen.storyboard */; };
		F51FC97C2143A8E5001F9009 /* Message.swift in Sources */ = {isa = PBXBuildFile; fileRef = F51FC97B2143A8E5001F9009 /* Message.swift */; };
		F51FC97E2143AC63001F9009 /* Extensions.swift in Sources */ = {isa = PBXBuildFile; fileRef = F51FC97D2143AC63001F9009 /* Extensions.swift */; };
		F51FC9802143AD46001F9009 /* ChatService.swift in Sources */ = {isa = PBXBuildFile; fileRef = F51FC97F2143AD46001F9009 /* ChatService.swift */; };
/* End PBXBuildFile section */

/* Begin PBXFileReference section */
		082CBBE5F5A8D8EF116B16E4 /* Pods_ScaledroneChat.framework */ = {isa = PBXFileReference; explicitFileType = wrapper.framework; includeInIndex = 0; path = Pods_ScaledroneChat.framework; sourceTree = BUILT_PRODUCTS_DIR; };
		1AC9838E5C4B2D4A33AE4847 /* Pods-ScaledroneChat.release.xcconfig */ = {isa = PBXFileReference; includeInIndex = 1; lastKnownFileType = text.xcconfig; name = "Pods-ScaledroneChat.release.xcconfig"; path = "Pods/Target Support Files/Pods-ScaledroneChat/Pods-ScaledroneChat.release.xcconfig"; sourceTree = "<group>"; };
		3A765884C06B9D44D62F85BE /* Pods-ScaledroneChat.debug.xcconfig */ = {isa = PBXFileReference; includeInIndex = 1; lastKnownFileType = text.xcconfig; name = "Pods-ScaledroneChat.debug.xcconfig"; path = "Pods/Target Support Files/Pods-ScaledroneChat/Pods-ScaledroneChat.debug.xcconfig"; sourceTree = "<group>"; };
		6F129B3DA0100A4D961A4F53 /* Pods_ScaledroneChatTest.framework */ = {isa = PBXFileReference; explicitFileType = wrapper.framework; includeInIndex = 0; path = Pods_ScaledroneChatTest.framework; sourceTree = BUILT_PRODUCTS_DIR; };
		9EDD2FBD26B14939767C3E1A /* Pods-ScaledroneChatTest.debug.xcconfig */ = {isa = PBXFileReference; includeInIndex = 1; lastKnownFileType = text.xcconfig; name = "Pods-ScaledroneChatTest.debug.xcconfig"; path = "Pods/Target Support Files/Pods-ScaledroneChatTest/Pods-ScaledroneChatTest.debug.xcconfig"; sourceTree = "<group>"; };
		E0DC8D108C38EC38D898977F /* Pods-ScaledroneChatTest.release.xcconfig */ = {isa = PBXFileReference; includeInIndex = 1; lastKnownFileType = text.xcconfig; name = "Pods-ScaledroneChatTest.release.xcconfig"; path = "Pods/Target Support Files/Pods-ScaledroneChatTest/Pods-ScaledroneChatTest.release.xcconfig"; sourceTree = "<group>"; };
		F51FC9662143A823001F9009 /* ScaledroneChat.app */ = {isa = PBXFileReference; explicitFileType = wrapper.application; includeInIndex = 0; path = ScaledroneChat.app; sourceTree = BUILT_PRODUCTS_DIR; };
		F51FC9692143A823001F9009 /* AppDelegate.swift */ = {isa = PBXFileReference; lastKnownFileType = sourcecode.swift; path = AppDelegate.swift; sourceTree = "<group>"; };
		F51FC96B2143A823001F9009 /* ViewController.swift */ = {isa = PBXFileReference; lastKnownFileType = sourcecode.swift; path = ViewController.swift; sourceTree = "<group>"; };
		F51FC96E2143A823001F9009 /* Base */ = {isa = PBXFileReference; lastKnownFileType = file.storyboard; name = Base; path = Base.lproj/Main.storyboard; sourceTree = "<group>"; };
		F51FC9702143A824001F9009 /* Assets.xcassets */ = {isa = PBXFileReference; lastKnownFileType = folder.assetcatalog; path = Assets.xcassets; sourceTree = "<group>"; };
		F51FC9732143A824001F9009 /* Base */ = {isa = PBXFileReference; lastKnownFileType = file.storyboard; name = Base; path = Base.lproj/LaunchScreen.storyboard; sourceTree = "<group>"; };
		F51FC9752143A824001F9009 /* Info.plist */ = {isa = PBXFileReference; lastKnownFileType = text.plist.xml; path = Info.plist; sourceTree = "<group>"; };
		F51FC97B2143A8E5001F9009 /* Message.swift */ = {isa = PBXFileReference; lastKnownFileType = sourcecode.swift; path = Message.swift; sourceTree = "<group>"; };
		F51FC97D2143AC63001F9009 /* Extensions.swift */ = {isa = PBXFileReference; lastKnownFileType = sourcecode.swift; path = Extensions.swift; sourceTree = "<group>"; };
		F51FC97F2143AD46001F9009 /* ChatService.swift */ = {isa = PBXFileReference; lastKnownFileType = sourcecode.swift; path = ChatService.swift; sourceTree = "<group>"; };
/* End PBXFileReference section */

/* Begin PBXFrameworksBuildPhase section */
		F51FC9632143A823001F9009 /* Frameworks */ = {
			isa = PBXFrameworksBuildPhase;
			buildActionMask = 2147483647;
			files = (
				3BD6B23DDC53C21E88612791 /* Pods_ScaledroneChat.framework in Frameworks */,
			);
			runOnlyForDeploymentPostprocessing = 0;
		};
/* End PBXFrameworksBuildPhase section */

/* Begin PBXGroup section */
		9981FBA92B24414C9D45DFAE /* Pods */ = {
			isa = PBXGroup;
			children = (
				9EDD2FBD26B14939767C3E1A /* Pods-ScaledroneChatTest.debug.xcconfig */,
				E0DC8D108C38EC38D898977F /* Pods-ScaledroneChatTest.release.xcconfig */,
				3A765884C06B9D44D62F85BE /* Pods-ScaledroneChat.debug.xcconfig */,
				1AC9838E5C4B2D4A33AE4847 /* Pods-ScaledroneChat.release.xcconfig */,
			);
			name = Pods;
			sourceTree = "<group>";
		};
		A6D63C0695B38B159CBC17AF /* Frameworks */ = {
			isa = PBXGroup;
			children = (
				6F129B3DA0100A4D961A4F53 /* Pods_ScaledroneChatTest.framework */,
				082CBBE5F5A8D8EF116B16E4 /* Pods_ScaledroneChat.framework */,
			);
			name = Frameworks;
			sourceTree = "<group>";
		};
		F51FC95D2143A823001F9009 = {
			isa = PBXGroup;
			children = (
				F51FC9682143A823001F9009 /* ScaledroneChat */,
				F51FC9672143A823001F9009 /* Products */,
				9981FBA92B24414C9D45DFAE /* Pods */,
				A6D63C0695B38B159CBC17AF /* Frameworks */,
			);
			sourceTree = "<group>";
		};
		F51FC9672143A823001F9009 /* Products */ = {
			isa = PBXGroup;
			children = (
				F51FC9662143A823001F9009 /* ScaledroneChat.app */,
			);
			name = Products;
			sourceTree = "<group>";
		};
		F51FC9682143A823001F9009 /* ScaledroneChat */ = {
			isa = PBXGroup;
			children = (
				F51FC9692143A823001F9009 /* AppDelegate.swift */,
				F51FC96B2143A823001F9009 /* ViewController.swift */,
				F51FC96D2143A823001F9009 /* Main.storyboard */,
				F51FC9702143A824001F9009 /* Assets.xcassets */,
				F51FC9722143A824001F9009 /* LaunchScreen.storyboard */,
				F51FC9752143A824001F9009 /* Info.plist */,
				F51FC97B2143A8E5001F9009 /* Message.swift */,
				F51FC97D2143AC63001F9009 /* Extensions.swift */,
				F51FC97F2143AD46001F9009 /* ChatService.swift */,
			);
			path = ScaledroneChat;
			sourceTree = "<group>";
		};
/* End PBXGroup section */

/* Begin PBXNativeTarget section */
		F51FC9652143A823001F9009 /* ScaledroneChat */ = {
			isa = PBXNativeTarget;
			buildConfigurationList = F51FC9782143A824001F9009 /* Build configuration list for PBXNativeTarget "ScaledroneChat" */;
			buildPhases = (
				11658F26084370302D1978F1 /* [CP] Check Pods Manifest.lock */,
				F51FC9622143A823001F9009 /* Sources */,
				F51FC9632143A823001F9009 /* Frameworks */,
				F51FC9642143A823001F9009 /* Resources */,
				58451AA0ECB57FBACB80FBED /* [CP] Embed Pods Frameworks */,
			);
			buildRules = (
			);
			dependencies = (
			);
			name = ScaledroneChat;
			productName = ScaledroneChatTest;
			productReference = F51FC9662143A823001F9009 /* ScaledroneChat.app */;
			productType = "com.apple.product-type.application";
		};
/* End PBXNativeTarget section */

/* Begin PBXProject section */
		F51FC95E2143A823001F9009 /* Project object */ = {
			isa = PBXProject;
			attributes = {
				LastSwiftUpdateCheck = 1000;
				LastUpgradeCheck = 1000;
				ORGANIZATIONNAME = Scaledrone;
				TargetAttributes = {
					F51FC9652143A823001F9009 = {
						CreatedOnToolsVersion = 10.0;
					};
				};
			};
			buildConfigurationList = F51FC9612143A823001F9009 /* Build configuration list for PBXProject "ScaledroneChat" */;
			compatibilityVersion = "Xcode 9.3";
			developmentRegion = en;
			hasScannedForEncodings = 0;
			knownRegions = (
				en,
				Base,
			);
			mainGroup = F51FC95D2143A823001F9009;
			productRefGroup = F51FC9672143A823001F9009 /* Products */;
			projectDirPath = "";
			projectRoot = "";
			targets = (
				F51FC9652143A823001F9009 /* ScaledroneChat */,
			);
		};
/* End PBXProject section */

/* Begin PBXResourcesBuildPhase section */
		F51FC9642143A823001F9009 /* Resources */ = {
			isa = PBXResourcesBuildPhase;
			buildActionMask = 2147483647;
			files = (
				F51FC9742143A824001F9009 /* LaunchScreen.storyboard in Resources */,
				F51FC9712143A824001F9009 /* Assets.xcassets in Resources */,
				F51FC96F2143A823001F9009 /* Main.storyboard in Resources */,
			);
			runOnlyForDeploymentPostprocessing = 0;
		};
/* End PBXResourcesBuildPhase section */

/* Begin PBXShellScriptBuildPhase section */
		11658F26084370302D1978F1 /* [CP] Check Pods Manifest.lock */ = {
			isa = PBXShellScriptBuildPhase;
			buildActionMask = 2147483647;
			files = (
			);
			inputPaths = (
				"${PODS_PODFILE_DIR_PATH}/Podfile.lock",
				"${PODS_ROOT}/Manifest.lock",
			);
			name = "[CP] Check Pods Manifest.lock";
			outputPaths = (
				"$(DERIVED_FILE_DIR)/Pods-ScaledroneChat-checkManifestLockResult.txt",
			);
			runOnlyForDeploymentPostprocessing = 0;
			shellPath = /bin/sh;
			shellScript = "diff \"${PODS_PODFILE_DIR_PATH}/Podfile.lock\" \"${PODS_ROOT}/Manifest.lock\" > /dev/null\nif [ $? != 0 ] ; then\n    # print error to STDERR\n    echo \"error: The sandbox is not in sync with the Podfile.lock. Run 'pod install' or update your CocoaPods installation.\" >&2\n    exit 1\nfi\n# This output is used by Xcode 'outputs' to avoid re-running this script phase.\necho \"SUCCESS\" > \"${SCRIPT_OUTPUT_FILE_0}\"\n";
			showEnvVarsInLog = 0;
		};
		58451AA0ECB57FBACB80FBED /* [CP] Embed Pods Frameworks */ = {
			isa = PBXShellScriptBuildPhase;
			buildActionMask = 2147483647;
			files = (
			);
			inputPaths = (
				"${SRCROOT}/Pods/Target Support Files/Pods-ScaledroneChat/Pods-ScaledroneChat-frameworks.sh",
				"${BUILT_PRODUCTS_DIR}/MessageKit/MessageKit.framework",
				"${BUILT_PRODUCTS_DIR}/Scaledrone/Scaledrone.framework",
				"${BUILT_PRODUCTS_DIR}/Starscream/Starscream.framework",
			);
			name = "[CP] Embed Pods Frameworks";
			outputPaths = (
				"${TARGET_BUILD_DIR}/${FRAMEWORKS_FOLDER_PATH}/MessageKit.framework",
				"${TARGET_BUILD_DIR}/${FRAMEWORKS_FOLDER_PATH}/Scaledrone.framework",
				"${TARGET_BUILD_DIR}/${FRAMEWORKS_FOLDER_PATH}/Starscream.framework",
			);
			runOnlyForDeploymentPostprocessing = 0;
			shellPath = /bin/sh;
			shellScript = "\"${SRCROOT}/Pods/Target Support Files/Pods-ScaledroneChat/Pods-ScaledroneChat-frameworks.sh\"\n";
			showEnvVarsInLog = 0;
		};
/* End PBXShellScriptBuildPhase section */

/* Begin PBXSourcesBuildPhase section */
		F51FC9622143A823001F9009 /* Sources */ = {
			isa = PBXSourcesBuildPhase;
			buildActionMask = 2147483647;
			files = (
				F51FC97C2143A8E5001F9009 /* Message.swift in Sources */,
				F51FC96C2143A823001F9009 /* ViewController.swift in Sources */,
				F51FC96A2143A823001F9009 /* AppDelegate.swift in Sources */,
				F51FC9802143AD46001F9009 /* ChatService.swift in Sources */,
				F51FC97E2143AC63001F9009 /* Extensions.swift in Sources */,
			);
			runOnlyForDeploymentPostprocessing = 0;
		};
/* End PBXSourcesBuildPhase section */

/* Begin PBXVariantGroup section */
		F51FC96D2143A823001F9009 /* Main.storyboard */ = {
			isa = PBXVariantGroup;
			children = (
				F51FC96E2143A823001F9009 /* Base */,
			);
			name = Main.storyboard;
			sourceTree = "<group>";
		};
		F51FC9722143A824001F9009 /* LaunchScreen.storyboard */ = {
			isa = PBXVariantGroup;
			children = (
				F51FC9732143A824001F9009 /* Base */,
			);
			name = LaunchScreen.storyboard;
			sourceTree = "<group>";
		};
/* End PBXVariantGroup section */

/* Begin XCBuildConfiguration section */
		F51FC9762143A824001F9009 /* Debug */ = {
			isa = XCBuildConfiguration;
			buildSettings = {
				ALWAYS_SEARCH_USER_PATHS = NO;
				CLANG_ANALYZER_NONNULL = YES;
				CLANG_ANALYZER_NUMBER_OBJECT_CONVERSION = YES_AGGRESSIVE;
				CLANG_CXX_LANGUAGE_STANDARD = "gnu++14";
				CLANG_CXX_LIBRARY = "libc++";
				CLANG_ENABLE_MODULES = YES;
				CLANG_ENABLE_OBJC_ARC = YES;
				CLANG_ENABLE_OBJC_WEAK = YES;
				CLANG_WARN_BLOCK_CAPTURE_AUTORELEASING = YES;
				CLANG_WARN_BOOL_CONVERSION = YES;
				CLANG_WARN_COMMA = YES;
				CLANG_WARN_CONSTANT_CONVERSION = YES;
				CLANG_WARN_DEPRECATED_OBJC_IMPLEMENTATIONS = YES;
				CLANG_WARN_DIRECT_OBJC_ISA_USAGE = YES_ERROR;
				CLANG_WARN_DOCUMENTATION_COMMENTS = YES;
				CLANG_WARN_EMPTY_BODY = YES;
				CLANG_WARN_ENUM_CONVERSION = YES;
				CLANG_WARN_INFINITE_RECURSION = YES;
				CLANG_WARN_INT_CONVERSION = YES;
				CLANG_WARN_NON_LITERAL_NULL_CONVERSION = YES;
				CLANG_WARN_OBJC_IMPLICIT_RETAIN_SELF = YES;
				CLANG_WARN_OBJC_LITERAL_CONVERSION = YES;
				CLANG_WARN_OBJC_ROOT_CLASS = YES_ERROR;
				CLANG_WARN_RANGE_LOOP_ANALYSIS = YES;
				CLANG_WARN_STRICT_PROTOTYPES = YES;
				CLANG_WARN_SUSPICIOUS_MOVE = YES;
				CLANG_WARN_UNGUARDED_AVAILABILITY = YES_AGGRESSIVE;
				CLANG_WARN_UNREACHABLE_CODE = YES;
				CLANG_WARN__DUPLICATE_METHOD_MATCH = YES;
				CODE_SIGN_IDENTITY = "iPhone Developer";
				COPY_PHASE_STRIP = NO;
				DEBUG_INFORMATION_FORMAT = dwarf;
				ENABLE_STRICT_OBJC_MSGSEND = YES;
				ENABLE_TESTABILITY = YES;
				GCC_C_LANGUAGE_STANDARD = gnu11;
				GCC_DYNAMIC_NO_PIC = NO;
				GCC_NO_COMMON_BLOCKS = YES;
				GCC_OPTIMIZATION_LEVEL = 0;
				GCC_PREPROCESSOR_DEFINITIONS = (
					"DEBUG=1",
					"$(inherited)",
				);
				GCC_WARN_64_TO_32_BIT_CONVERSION = YES;
				GCC_WARN_ABOUT_RETURN_TYPE = YES_ERROR;
				GCC_WARN_UNDECLARED_SELECTOR = YES;
				GCC_WARN_UNINITIALIZED_AUTOS = YES_AGGRESSIVE;
				GCC_WARN_UNUSED_FUNCTION = YES;
				GCC_WARN_UNUSED_VARIABLE = YES;
				IPHONEOS_DEPLOYMENT_TARGET = 12.0;
				MTL_ENABLE_DEBUG_INFO = INCLUDE_SOURCE;
				MTL_FAST_MATH = YES;
				ONLY_ACTIVE_ARCH = YES;
				SDKROOT = iphoneos;
				SWIFT_ACTIVE_COMPILATION_CONDITIONS = DEBUG;
				SWIFT_OPTIMIZATION_LEVEL = "-Onone";
			};
			name = Debug;
		};
		F51FC9772143A824001F9009 /* Release */ = {
			isa = XCBuildConfiguration;
			buildSettings = {
				ALWAYS_SEARCH_USER_PATHS = NO;
				CLANG_ANALYZER_NONNULL = YES;
				CLANG_ANALYZER_NUMBER_OBJECT_CONVERSION = YES_AGGRESSIVE;
				CLANG_CXX_LANGUAGE_STANDARD = "gnu++14";
				CLANG_CXX_LIBRARY = "libc++";
				CLANG_ENABLE_MODULES = YES;
				CLANG_ENABLE_OBJC_ARC = YES;
				CLANG_ENABLE_OBJC_WEAK = YES;
				CLANG_WARN_BLOCK_CAPTURE_AUTORELEASING = YES;
				CLANG_WARN_BOOL_CONVERSION = YES;
				CLANG_WARN_COMMA = YES;
				CLANG_WARN_CONSTANT_CONVERSION = YES;
				CLANG_WARN_DEPRECATED_OBJC_IMPLEMENTATIONS = YES;
				CLANG_WARN_DIRECT_OBJC_ISA_USAGE = YES_ERROR;
				CLANG_WARN_DOCUMENTATION_COMMENTS = YES;
				CLANG_WARN_EMPTY_BODY = YES;
				CLANG_WARN_ENUM_CONVERSION = YES;
				CLANG_WARN_INFINITE_RECURSION = YES;
				CLANG_WARN_INT_CONVERSION = YES;
				CLANG_WARN_NON_LITERAL_NULL_CONVERSION = YES;
				CLANG_WARN_OBJC_IMPLICIT_RETAIN_SELF = YES;
				CLANG_WARN_OBJC_LITERAL_CONVERSION = YES;
				CLANG_WARN_OBJC_ROOT_CLASS = YES_ERROR;
				CLANG_WARN_RANGE_LOOP_ANALYSIS = YES;
				CLANG_WARN_STRICT_PROTOTYPES = YES;
				CLANG_WARN_SUSPICIOUS_MOVE = YES;
				CLANG_WARN_UNGUARDED_AVAILABILITY = YES_AGGRESSIVE;
				CLANG_WARN_UNREACHABLE_CODE = YES;
				CLANG_WARN__DUPLICATE_METHOD_MATCH = YES;
				CODE_SIGN_IDENTITY = "iPhone Developer";
				COPY_PHASE_STRIP = NO;
				DEBUG_INFORMATION_FORMAT = "dwarf-with-dsym";
				ENABLE_NS_ASSERTIONS = NO;
				ENABLE_STRICT_OBJC_MSGSEND = YES;
				GCC_C_LANGUAGE_STANDARD = gnu11;
				GCC_NO_COMMON_BLOCKS = YES;
				GCC_WARN_64_TO_32_BIT_CONVERSION = YES;
				GCC_WARN_ABOUT_RETURN_TYPE = YES_ERROR;
				GCC_WARN_UNDECLARED_SELECTOR = YES;
				GCC_WARN_UNINITIALIZED_AUTOS = YES_AGGRESSIVE;
				GCC_WARN_UNUSED_FUNCTION = YES;
				GCC_WARN_UNUSED_VARIABLE = YES;
				IPHONEOS_DEPLOYMENT_TARGET = 12.0;
				MTL_ENABLE_DEBUG_INFO = NO;
				MTL_FAST_MATH = YES;
				SDKROOT = iphoneos;
				SWIFT_COMPILATION_MODE = wholemodule;
				SWIFT_OPTIMIZATION_LEVEL = "-O";
				VALIDATE_PRODUCT = YES;
			};
			name = Release;
		};
		F51FC9792143A824001F9009 /* Debug */ = {
			isa = XCBuildConfiguration;
			baseConfigurationReference = 3A765884C06B9D44D62F85BE /* Pods-ScaledroneChat.debug.xcconfig */;
			buildSettings = {
				ASSETCATALOG_COMPILER_APPICON_NAME = AppIcon;
				CODE_SIGN_STYLE = Automatic;
				DEVELOPMENT_TEAM = "";
				INFOPLIST_FILE = "$(SRCROOT)/ScaledroneChat/Info.plist";
				LD_RUNPATH_SEARCH_PATHS = (
					"$(inherited)",
					"@executable_path/Frameworks",
				);
				PRODUCT_BUNDLE_IDENTIFIER = com.scaledrone.ScaledroneChatTest;
				PRODUCT_NAME = "$(TARGET_NAME)";
				SWIFT_VERSION = 4.2;
				TARGETED_DEVICE_FAMILY = "1,2";
			};
			name = Debug;
		};
		F51FC97A2143A824001F9009 /* Release */ = {
			isa = XCBuildConfiguration;
			baseConfigurationReference = 1AC9838E5C4B2D4A33AE4847 /* Pods-ScaledroneChat.release.xcconfig */;
			buildSettings = {
				ASSETCATALOG_COMPILER_APPICON_NAME = AppIcon;
				CODE_SIGN_STYLE = Automatic;
				DEVELOPMENT_TEAM = "";
				INFOPLIST_FILE = "$(SRCROOT)/ScaledroneChat/Info.plist";
				LD_RUNPATH_SEARCH_PATHS = (
					"$(inherited)",
					"@executable_path/Frameworks",
				);
				PRODUCT_BUNDLE_IDENTIFIER = com.scaledrone.ScaledroneChatTest;
				PRODUCT_NAME = "$(TARGET_NAME)";
				SWIFT_VERSION = 4.2;
				TARGETED_DEVICE_FAMILY = "1,2";
			};
			name = Release;
		};
/* End XCBuildConfiguration section */

/* Begin XCConfigurationList section */
		F51FC9612143A823001F9009 /* Build configuration list for PBXProject "ScaledroneChat" */ = {
			isa = XCConfigurationList;
			buildConfigurations = (
				F51FC9762143A824001F9009 /* Debug */,
				F51FC9772143A824001F9009 /* Release */,
			);
			defaultConfigurationIsVisible = 0;
			defaultConfigurationName = Release;
		};
		F51FC9782143A824001F9009 /* Build configuration list for PBXNativeTarget "ScaledroneChat" */ = {
			isa = XCConfigurationList;
			buildConfigurations = (
				F51FC9792143A824001F9009 /* Debug */,
				F51FC97A2143A824001F9009 /* Release */,
			);
			defaultConfigurationIsVisible = 0;
			defaultConfigurationName = Release;
		};
/* End XCConfigurationList section */
	};
	rootObject = F51FC95E2143A823001F9009 /* Project object */;
}
